{
  "name": "gregless22",
  "version": "1.0.0",
  "lockfileVersion": 1,
  "requires": true,
  "dependencies": {
    "vue": {
      "version": "2.6.11",
      "resolved": "https://registry.npmjs.org/vue/-/vue-2.6.11.tgz",
      "integrity": "sha512-VfPwgcGABbGAue9+sfrD4PuwFar7gPb1yl1UK1MwXoQPAw0BKSqWfoYCT/ThFrdEVWoI51dBuyCoiNU9bZDZxQ=="
    },
    "vuetify": {
      "version": "2.2.11",
      "resolved": "https://registry.npmjs.org/vuetify/-/vuetify-2.2.11.tgz",
      "integrity": "sha512-lqhW7UIEx742G0VRAgXS1q2h4aAAGC7QTh2gxha+w12NsF5lrNXy2/ob5qvdklzCk6qS0ij7zbh2FooDdGP/QQ=="
    }
  }
}
